
Microsoft Visual Studio Solution File, Format Version 12.00
# Visual Studio 15
VisualStudioVersion = 15.0.28307.1169
MinimumVisualStudioVersion = 10.0.40219.1
Project("{FAE04EC0-301F-11D3-BF4B-00C04F79EFBC}") = "LuluScrapAnything", "LuluScrapAnything\LuluScrapAnything.csproj", "{D47908ED-06BB-4CC2-A2E4-A3C9B146D4EB}"
EndProject
Global
	GlobalSection(SolutionConfigurationPlatforms) = preSolution
		Debug|Any CPU = Debug|Any CPU
		Release|Any CPU = Release|Any CPU
	EndGlobalSection
	GlobalSection(ProjectConfigurationPlatforms) = postSolution
		{D47908ED-06BB-4CC2-A2E4-A3C9B146D4EB}.Debug|Any CPU.ActiveCfg = Debug|Any CPU
		{D47908ED-06BB-4CC2-A2E4-A3C9B146D4EB}.Debug|Any CPU.Build.0 = Debug|Any CPU
		{D47908ED-06BB-4CC2-A2E4-A3C9B146D4EB}.Release|Any CPU.ActiveCfg = Release|Any CPU
		{D47908ED-06BB-4CC2-A2E4-A3C9B146D4EB}.Release|Any CPU.Build.0 = Release|Any CPU
	EndGlobalSection
	GlobalSection(SolutionProperties) = preSolution
		HideSolutionNode = FALSE
	EndGlobalSection
	GlobalSection(ExtensibilityGlobals) = postSolution
		SolutionGuid = {0BF6F645-A060-47F3-BFC2-6C50C44BC05A}
	EndGlobalSection
EndGlobal
